lockfileVersion: 5.3

specifiers:
  turbo: ^1.2.3

devDependencies:
  turbo: 1.2.3

packages:

  /turbo-darwin-64/1.2.3:
    resolution: {integrity: sha512-lJRPC9SJtWzEkqbjYROJ7MD/kki+y1hAGoEujC9gb6zoAAxY7qBN+N30EkfyFIfAiZUQ6RRydETIdeUTnvZ0jw==}
    cpu: [x64]
    os: [darwin]
    requiresBuild: true
    dev: true
    optional: true

  /turbo-darwin-arm64/1.2.3:
    resolution: {integrity: sha512-ff7jYMDmreZJ89E0xaL508TrI0afpLa3aQGLkuLEHBqY6AlC68LvrBo99BkQu1q2PEu5DE/0EX0cGDsBPLacdQ==}
    cpu: [arm64]
    os: [darwin]
    requiresBuild: true
    dev: true
    optional: true

  /turbo-freebsd-64/1.2.3:
    resolution: {integrity: sha512-JtQeKI52cMFc7KwmpjE+xULG21+UhQDk580Azg7sei53cp8ko5xIsoguvR49OqdGLoc79cRO4XVYOarrIlTGrg==}
    cpu: [x64]
    os: [freebsd]
    requiresBuild: true
    dev: true
    optional: true

  /turbo-freebsd-arm64/1.2.3:
    resolution: {integrity: sha512-LKtVqgyqjuCX66mJn/xDHyS33OZEd8lTst6TlCmkMNPpncewgU+SqARkrg/+m7oTKpQx2B9/7jLBsFLxnwRyBw==}
    cpu: [arm64]
    os: [freebsd]
    requiresBuild: true
    dev: true
    optional: true

  /turbo-linux-32/1.2.3:
    resolution: {integrity: sha512-I1Az2kqiT3EHHGLisY4LfbHExaXbhrARDsTUGl56kbsJR3icXb0Jg2SfIyp6xkRfiBl95n2vMYpcB9kY9gNz7A==}
    cpu: [ia32]
    os: [linux]
    requiresBuild: true
    dev: true
    optional: true

  /turbo-linux-64/1.2.3:
    resolution: {integrity: sha512-b00mPL4Q0Z+mLx14zfO9J43l2DrhhTwV/NDs9KqYCAJwJFf4FLqw0Gy7HfZPm4QCTcLpYHjV8IDAKvf5rXZyGw==}
    cpu: [x64]
    os: [linux]
    requiresBuild: true
    dev: true
    optional: true

  /turbo-linux-arm/1.2.3:
    resolution: {integrity: sha512-o1MytyLe7/thVrUSu52U6hxnydMR4ia63gEVsWyBuqnjrKUL7UNqTMqgxPYhFujsMxm9UWYHQL+6TYGJB/kpEA==}
    cpu: [arm]
    os: [linux]
    requiresBuild: true
    dev: true
    optional: true

  /turbo-linux-arm64/1.2.3:
    resolution: {integrity: sha512-T1bAEKDKrGGeu8o6oJ8p5EPUJ8yYM6W49MJRjyrcjbJrzMe/BC4z0dIizJ39p+8/5iDWUzDVcLoHTwUTnbEPBQ==}
    cpu: [arm64]
    os: [linux]
    requiresBuild: true
    dev: true
    optional: true

  /turbo-linux-mips64le/1.2.3:
    resolution: {integrity: sha512-H78+1t7N1fWUeD52cRtCAgW713tGxs9lPPEoxCq02snA7pfdFsuvk85c3UUDXxSl0sNk3VBZNsIw/XrPjb2DNw==}
    cpu: [mips64el]
    os: [linux]
    requiresBuild: true
    dev: true
    optional: true

  /turbo-linux-ppc64le/1.2.3:
    resolution: {integrity: sha512-c0Epw0CX7f6B6rv6uscBFa7PIJMfOeYCltH5s/iWl06lTt0X9wJppQXDhe9KiKaf2WxBk9+mNtIu0Zhw/npwMw==}
    cpu: [ppc64]
    os: [linux]
    requiresBuild: true
    dev: true
    optional: true

  /turbo-windows-32/1.2.3:
    resolution: {integrity: sha512-0WPIQA+wEPwOziQB+L+GOYkgbSRx/RC6bpPgizugNKzzJIn9A33UBb5165TYPXmxrQwBp4jRxu70nJYtXPejiQ==}
    cpu: [ia32]
    os: [win32]
    requiresBuild: true
    dev: true
    optional: true

  /turbo-windows-64/1.2.3:
    resolution: {integrity: sha512-o2DGj/I6Dwwxjbe6/37oM74M0difCMdAi1mT7dhfE+I/GiB/k5wdYKzzYvHJ/2paFcRhm0OFOjCxA6q+bYMTkg==}
    cpu: [x64]
    os: [win32]
    requiresBuild: true
    dev: true
    optional: true

  /turbo/1.2.3:
    resolution: {integrity: sha512-UGyOLjzV8Ojyrckhk8HFfvaWT2a4sKUB7N1bLlhBctXnXgJ6ne0PHu9qbqgPMi2t/YI7O16HXwMhXMDnAo85hA==}
    hasBin: true
    requiresBuild: true
    optionalDependencies:
      turbo-darwin-64: 1.2.3
      turbo-darwin-arm64: 1.2.3
      turbo-freebsd-64: 1.2.3
      turbo-freebsd-arm64: 1.2.3
      turbo-linux-32: 1.2.3
      turbo-linux-64: 1.2.3
      turbo-linux-arm: 1.2.3
      turbo-linux-arm64: 1.2.3
      turbo-linux-mips64le: 1.2.3
      turbo-linux-ppc64le: 1.2.3
      turbo-windows-32: 1.2.3
      turbo-windows-64: 1.2.3
    dev: true
